{
  "name": "pruebas_mariofpacot-main",
  "version": "1.0.0",
  "lockfileVersion": 3,
  "requires": true,
  "packages": {
    "": {
      "name": "pruebas_mariofpacot-main",
      "version": "1.0.0",
      "license": "ISC",
      "devDependencies": {
        "tailwind-scrollbar-hide": "^4.0.0",
        "tailwindcss": "^4.2.2"
      }
    },
    "node_modules/tailwind-scrollbar-hide": {
      "version": "4.0.0",
      "resolved": "https://registry.npmjs.org/tailwind-scrollbar-hide/-/tailwind-scrollbar-hide-4.0.0.tgz",
      "integrity": "sha512-gobtvVcThB2Dxhy0EeYSS1RKQJ5baDFkamkhwBvzvevwX6L4XQfpZ3me9s25Ss1ecFVT5jPYJ50n+7xTBJG9WQ==",
      "dev": true,
      "license": "MIT",
      "peerDependencies": {
        "tailwindcss": ">=3.0.0 || >= 4.0.0 || >= 4.0.0-beta.8 || >= 4.0.0-alpha.20"
      }
    },
    "node_modules/tailwindcss": {
      "version": "4.2.2",
      "resolved": "https://registry.npmjs.org/tailwindcss/-/tailwindcss-4.2.2.tgz",
      "integrity": "sha512-KWBIxs1Xb6NoLdMVqhbhgwZf2PGBpPEiwOqgI4pFIYbNTfBXiKYyWoTsXgBQ9WFg/OlhnvHaY+AEpW7wSmFo2Q==",
      "dev": true,
      "license": "MIT"
    }
  }
}
